
Microsoft Visual Studio Solution File, Format Version 10.00
# Visual Studio 2008
Project("{FAE04EC0-301F-11D3-BF4B-00C04F79EFBC}") = "BPMonitor", "BPMonitor\BPMonitor.csproj", "{5B03632A-52A6-4D51-9A2E-43BD38987696}"
EndProject
Project("{FAE04EC0-301F-11D3-BF4B-00C04F79EFBC}") = "AboutBox", "AboutBox\AboutBox.csproj", "{8820ACFB-971D-48CC-8F3F-BA07E2FA2E8F}"
EndProject
Project("{FAE04EC0-301F-11D3-BF4B-00C04F79EFBC}") = "BPMDBLayer", "BPMDBLayer\BPMDBLayer.csproj", "{05CA216C-4CCE-43D0-8695-499D3DA4498D}"
EndProject
Project("{FAE04EC0-301F-11D3-BF4B-00C04F79EFBC}") = "Splash", "Splash\Splash.csproj", "{CFDEFFA0-27A1-4DB9-A11E-3418ECB4DB34}"
EndProject
Project("{54435603-DBB4-11D2-8724-00A0C9A8B90C}") = "BPM_Installer (Obfuscated)", "BPM_Installer\BPM_Installer.vdproj", "{D27123D3-74D2-46A8-99C7-7FE1D29A7374}"
EndProject
Project("{FAE04EC0-301F-11D3-BF4B-00C04F79EFBC}") = "itextsharp", "iTextSharp\itextsharp.csproj", "{84C4FDD9-3ED7-453B-B9DA-B3ED52CB071C}"
EndProject
Project("{112FAB98-8405-442A-A09B-9B0FF2F82A7B}") = "Obfuscation", "Obfuscation\Obfuscation.dotfuproj", "{0F3BAAD2-6F3D-4F6C-B934-C64AEDB68579}"
EndProject
Global
	GlobalSection(SolutionConfigurationPlatforms) = preSolution
		Debug|Any CPU = Debug|Any CPU
		Debug|Mixed Platforms = Debug|Mixed Platforms
		Debug|x86 = Debug|x86
		Release|Any CPU = Release|Any CPU
		Release|Mixed Platforms = Release|Mixed Platforms
		Release|x86 = Release|x86
	EndGlobalSection
	GlobalSection(ProjectConfigurationPlatforms) = postSolution
		{5B03632A-52A6-4D51-9A2E-43BD38987696}.Debug|Any CPU.ActiveCfg = Debug|Any CPU
		{5B03632A-52A6-4D51-9A2E-43BD38987696}.Debug|Any CPU.Build.0 = Debug|Any CPU
		{5B03632A-52A6-4D51-9A2E-43BD38987696}.Debug|Mixed Platforms.ActiveCfg = Debug|Any CPU
		{5B03632A-52A6-4D51-9A2E-43BD38987696}.Debug|Mixed Platforms.Build.0 = Debug|Any CPU
		{5B03632A-52A6-4D51-9A2E-43BD38987696}.Debug|x86.ActiveCfg = Debug|Any CPU
		{5B03632A-52A6-4D51-9A2E-43BD38987696}.Release|Any CPU.ActiveCfg = Release|Any CPU
		{5B03632A-52A6-4D51-9A2E-43BD38987696}.Release|Any CPU.Build.0 = Release|Any CPU
		{5B03632A-52A6-4D51-9A2E-43BD38987696}.Release|Mixed Platforms.ActiveCfg = Release|Any CPU
		{5B03632A-52A6-4D51-9A2E-43BD38987696}.Release|Mixed Platforms.Build.0 = Release|Any CPU
		{5B03632A-52A6-4D51-9A2E-43BD38987696}.Release|x86.ActiveCfg = Release|Any CPU
		{8820ACFB-971D-48CC-8F3F-BA07E2FA2E8F}.Debug|Any CPU.ActiveCfg = Debug|Any CPU
		{8820ACFB-971D-48CC-8F3F-BA07E2FA2E8F}.Debug|Any CPU.Build.0 = Debug|Any CPU
		{8820ACFB-971D-48CC-8F3F-BA07E2FA2E8F}.Debug|Mixed Platforms.ActiveCfg = Debug|Any CPU
		{8820ACFB-971D-48CC-8F3F-BA07E2FA2E8F}.Debug|Mixed Platforms.Build.0 = Debug|Any CPU
		{8820ACFB-971D-48CC-8F3F-BA07E2FA2E8F}.Debug|x86.ActiveCfg = Debug|Any CPU
		{8820ACFB-971D-48CC-8F3F-BA07E2FA2E8F}.Release|Any CPU.ActiveCfg = Release|Any CPU
		{8820ACFB-971D-48CC-8F3F-BA07E2FA2E8F}.Release|Any CPU.Build.0 = Release|Any CPU
		{8820ACFB-971D-48CC-8F3F-BA07E2FA2E8F}.Release|Mixed Platforms.ActiveCfg = Release|Any CPU
		{8820ACFB-971D-48CC-8F3F-BA07E2FA2E8F}.Release|Mixed Platforms.Build.0 = Release|Any CPU
		{8820ACFB-971D-48CC-8F3F-BA07E2FA2E8F}.Release|x86.ActiveCfg = Release|Any CPU
		{05CA216C-4CCE-43D0-8695-499D3DA4498D}.Debug|Any CPU.ActiveCfg = Debug|Any CPU
		{05CA216C-4CCE-43D0-8695-499D3DA4498D}.Debug|Any CPU.Build.0 = Debug|Any CPU
		{05CA216C-4CCE-43D0-8695-499D3DA4498D}.Debug|Mixed Platforms.ActiveCfg = Debug|Any CPU
		{05CA216C-4CCE-43D0-8695-499D3DA4498D}.Debug|Mixed Platforms.Build.0 = Debug|Any CPU
		{05CA216C-4CCE-43D0-8695-499D3DA4498D}.Debug|x86.ActiveCfg = Debug|Any CPU
		{05CA216C-4CCE-43D0-8695-499D3DA4498D}.Release|Any CPU.ActiveCfg = Release|Any CPU
		{05CA216C-4CCE-43D0-8695-499D3DA4498D}.Release|Any CPU.Build.0 = Release|Any CPU
		{05CA216C-4CCE-43D0-8695-499D3DA4498D}.Release|Mixed Platforms.ActiveCfg = Release|Any CPU
		{05CA216C-4CCE-43D0-8695-499D3DA4498D}.Release|Mixed Platforms.Build.0 = Release|Any CPU
		{05CA216C-4CCE-43D0-8695-499D3DA4498D}.Release|x86.ActiveCfg = Release|Any CPU
		{CFDEFFA0-27A1-4DB9-A11E-3418ECB4DB34}.Debug|Any CPU.ActiveCfg = Debug|Any CPU
		{CFDEFFA0-27A1-4DB9-A11E-3418ECB4DB34}.Debug|Any CPU.Build.0 = Debug|Any CPU
		{CFDEFFA0-27A1-4DB9-A11E-3418ECB4DB34}.Debug|Mixed Platforms.ActiveCfg = Debug|Any CPU
		{CFDEFFA0-27A1-4DB9-A11E-3418ECB4DB34}.Debug|Mixed Platforms.Build.0 = Debug|Any CPU
		{CFDEFFA0-27A1-4DB9-A11E-3418ECB4DB34}.Debug|x86.ActiveCfg = Debug|Any CPU
		{CFDEFFA0-27A1-4DB9-A11E-3418ECB4DB34}.Release|Any CPU.ActiveCfg = Release|Any CPU
		{CFDEFFA0-27A1-4DB9-A11E-3418ECB4DB34}.Release|Any CPU.Build.0 = Release|Any CPU
		{CFDEFFA0-27A1-4DB9-A11E-3418ECB4DB34}.Release|Mixed Platforms.ActiveCfg = Release|Any CPU
		{CFDEFFA0-27A1-4DB9-A11E-3418ECB4DB34}.Release|Mixed Platforms.Build.0 = Release|Any CPU
		{CFDEFFA0-27A1-4DB9-A11E-3418ECB4DB34}.Release|x86.ActiveCfg = Release|Any CPU
		{D27123D3-74D2-46A8-99C7-7FE1D29A7374}.Debug|Any CPU.ActiveCfg = Debug
		{D27123D3-74D2-46A8-99C7-7FE1D29A7374}.Debug|Mixed Platforms.ActiveCfg = Debug
		{D27123D3-74D2-46A8-99C7-7FE1D29A7374}.Debug|x86.ActiveCfg = Debug
		{D27123D3-74D2-46A8-99C7-7FE1D29A7374}.Debug|x86.Build.0 = Debug
		{D27123D3-74D2-46A8-99C7-7FE1D29A7374}.Release|Any CPU.ActiveCfg = Release
		{D27123D3-74D2-46A8-99C7-7FE1D29A7374}.Release|Mixed Platforms.ActiveCfg = Release
		{D27123D3-74D2-46A8-99C7-7FE1D29A7374}.Release|Mixed Platforms.Build.0 = Release
		{D27123D3-74D2-46A8-99C7-7FE1D29A7374}.Release|x86.ActiveCfg = Release
		{D27123D3-74D2-46A8-99C7-7FE1D29A7374}.Release|x86.Build.0 = Release
		{84C4FDD9-3ED7-453B-B9DA-B3ED52CB071C}.Debug|Any CPU.ActiveCfg = Debug|Any CPU
		{84C4FDD9-3ED7-453B-B9DA-B3ED52CB071C}.Debug|Any CPU.Build.0 = Debug|Any CPU
		{84C4FDD9-3ED7-453B-B9DA-B3ED52CB071C}.Debug|Mixed Platforms.ActiveCfg = Debug|Any CPU
		{84C4FDD9-3ED7-453B-B9DA-B3ED52CB071C}.Debug|Mixed Platforms.Build.0 = Debug|Any CPU
		{84C4FDD9-3ED7-453B-B9DA-B3ED52CB071C}.Debug|x86.ActiveCfg = Debug|Any CPU
		{84C4FDD9-3ED7-453B-B9DA-B3ED52CB071C}.Release|Any CPU.ActiveCfg = Release|Any CPU
		{84C4FDD9-3ED7-453B-B9DA-B3ED52CB071C}.Release|Any CPU.Build.0 = Release|Any CPU
		{84C4FDD9-3ED7-453B-B9DA-B3ED52CB071C}.Release|Mixed Platforms.ActiveCfg = Release|Any CPU
		{84C4FDD9-3ED7-453B-B9DA-B3ED52CB071C}.Release|Mixed Platforms.Build.0 = Release|Any CPU
		{84C4FDD9-3ED7-453B-B9DA-B3ED52CB071C}.Release|x86.ActiveCfg = Release|Any CPU
		{0F3BAAD2-6F3D-4F6C-B934-C64AEDB68579}.Debug|Any CPU.ActiveCfg = Debug
		{0F3BAAD2-6F3D-4F6C-B934-C64AEDB68579}.Debug|Any CPU.Build.0 = Debug
		{0F3BAAD2-6F3D-4F6C-B934-C64AEDB68579}.Debug|Mixed Platforms.ActiveCfg = Debug
		{0F3BAAD2-6F3D-4F6C-B934-C64AEDB68579}.Debug|x86.ActiveCfg = Debug
		{0F3BAAD2-6F3D-4F6C-B934-C64AEDB68579}.Debug|x86.Build.0 = Debug
		{0F3BAAD2-6F3D-4F6C-B934-C64AEDB68579}.Release|Any CPU.ActiveCfg = Release
		{0F3BAAD2-6F3D-4F6C-B934-C64AEDB68579}.Release|Any CPU.Build.0 = Release
		{0F3BAAD2-6F3D-4F6C-B934-C64AEDB68579}.Release|Mixed Platforms.ActiveCfg = Release
		{0F3BAAD2-6F3D-4F6C-B934-C64AEDB68579}.Release|Mixed Platforms.Build.0 = Release
		{0F3BAAD2-6F3D-4F6C-B934-C64AEDB68579}.Release|x86.ActiveCfg = Release
		{0F3BAAD2-6F3D-4F6C-B934-C64AEDB68579}.Release|x86.Build.0 = Release
	EndGlobalSection
	GlobalSection(SolutionProperties) = preSolution
		HideSolutionNode = FALSE
	EndGlobalSection
	GlobalSection(ExtensibilityGlobals) = postSolution
		VisualSVNWorkingCopyRoot = 
	EndGlobalSection
EndGlobal
